
Microsoft Visual Studio Solution File, Format Version 12.00
# Visual Studio Version 16
VisualStudioVersion = 16.0.29911.84
MinimumVisualStudioVersion = 10.0.40219.1
Project("{FAE04EC0-301F-11D3-BF4B-00C04F79EFBC}") = "BnS_EffectRemover", "BnS_EffectRemover\BnS_EffectRemover.csproj", "{324088E7-DE26-4E63-AE9E-216DE45967D8}"
EndProject
Project("{FAE04EC0-301F-11D3-BF4B-00C04F79EFBC}") = "BnS_EffectRemover_Updater", "..\BnS_EffectRemover_Updater\BnS_EffectRemover_Updater\BnS_EffectRemover_Updater.csproj", "{AFE0432A-4D6D-4A58-9A37-4644B1290A93}"
EndProject
Global
	GlobalSection(SolutionConfigurationPlatforms) = preSolution
		Debug|Any CPU = Debug|Any CPU
		Release|Any CPU = Release|Any CPU
	EndGlobalSection
	GlobalSection(ProjectConfigurationPlatforms) = postSolution
		{324088E7-DE26-4E63-AE9E-216DE45967D8}.Debug|Any CPU.ActiveCfg = Debug|Any CPU
		{324088E7-DE26-4E63-AE9E-216DE45967D8}.Debug|Any CPU.Build.0 = Debug|Any CPU
		{324088E7-DE26-4E63-AE9E-216DE45967D8}.Release|Any CPU.ActiveCfg = Release|Any CPU
		{324088E7-DE26-4E63-AE9E-216DE45967D8}.Release|Any CPU.Build.0 = Release|Any CPU
		{AFE0432A-4D6D-4A58-9A37-4644B1290A93}.Debug|Any CPU.ActiveCfg = Debug|Any CPU
		{AFE0432A-4D6D-4A58-9A37-4644B1290A93}.Debug|Any CPU.Build.0 = Debug|Any CPU
		{AFE0432A-4D6D-4A58-9A37-4644B1290A93}.Release|Any CPU.ActiveCfg = Release|Any CPU
		{AFE0432A-4D6D-4A58-9A37-4644B1290A93}.Release|Any CPU.Build.0 = Release|Any CPU
	EndGlobalSection
	GlobalSection(SolutionProperties) = preSolution
		HideSolutionNode = FALSE
	EndGlobalSection
	GlobalSection(ExtensibilityGlobals) = postSolution
		SolutionGuid = {AB7199B9-79EF-4A74-9E5B-9D6EF5DA0F5C}
	EndGlobalSection
EndGlobal
